
Microsoft Visual Studio Solution File, Format Version 12.00
# Visual Studio Version 17
VisualStudioVersion = 17.3.32825.248
MinimumVisualStudioVersion = 10.0.40219.1
Project("{9A19103F-16F7-4668-BE54-9A1E7A4F7556}") = "LiberyDBDeliveryService", "LiberyDBDeliveryService\LiberyDBDeliveryService.csproj", "{B01C0FB6-2E96-448D-B5ED-FA6BB5E6C006}"
EndProject
Project("{FAE04EC0-301F-11D3-BF4B-00C04F79EFBC}") = "TestsDeliveryServiceLibery", "Tests\TestsDeliveryServiceLibery.csproj", "{CD66450B-74E1-41A5-80C2-FC3B001D728A}"
EndProject
Global
	GlobalSection(SolutionConfigurationPlatforms) = preSolution
		Debug|Any CPU = Debug|Any CPU
		Release|Any CPU = Release|Any CPU
	EndGlobalSection
	GlobalSection(ProjectConfigurationPlatforms) = postSolution
		{B01C0FB6-2E96-448D-B5ED-FA6BB5E6C006}.Debug|Any CPU.ActiveCfg = Debug|Any CPU
		{B01C0FB6-2E96-448D-B5ED-FA6BB5E6C006}.Debug|Any CPU.Build.0 = Debug|Any CPU
		{B01C0FB6-2E96-448D-B5ED-FA6BB5E6C006}.Release|Any CPU.ActiveCfg = Release|Any CPU
		{B01C0FB6-2E96-448D-B5ED-FA6BB5E6C006}.Release|Any CPU.Build.0 = Release|Any CPU
		{CD66450B-74E1-41A5-80C2-FC3B001D728A}.Debug|Any CPU.ActiveCfg = Debug|Any CPU
		{CD66450B-74E1-41A5-80C2-FC3B001D728A}.Debug|Any CPU.Build.0 = Debug|Any CPU
		{CD66450B-74E1-41A5-80C2-FC3B001D728A}.Release|Any CPU.ActiveCfg = Release|Any CPU
		{CD66450B-74E1-41A5-80C2-FC3B001D728A}.Release|Any CPU.Build.0 = Release|Any CPU
	EndGlobalSection
	GlobalSection(SolutionProperties) = preSolution
		HideSolutionNode = FALSE
	EndGlobalSection
	GlobalSection(ExtensibilityGlobals) = postSolution
		SolutionGuid = {52FC13E8-D101-42CB-85DC-20B287891E9D}
	EndGlobalSection
EndGlobal
